
Microsoft Visual Studio Solution File, Format Version 12.00
# Visual Studio 2012
Project("{FAE04EC0-301F-11D3-BF4B-00C04F79EFBC}") = "Theme", "Theme.csproj", "{2B30D41D-A7F8-4FA5-9ADA-181333B94A8B}"
EndProject
Global
	GlobalSection(SolutionConfigurationPlatforms) = preSolution
		Debug|Any CPU = Debug|Any CPU
		Release|Any CPU = Release|Any CPU
	EndGlobalSection
	GlobalSection(ProjectConfigurationPlatforms) = postSolution
		{2B30D41D-A7F8-4FA5-9ADA-181333B94A8B}.Debug|Any CPU.ActiveCfg = Debug|Any CPU
		{2B30D41D-A7F8-4FA5-9ADA-181333B94A8B}.Debug|Any CPU.Build.0 = Debug|Any CPU
		{2B30D41D-A7F8-4FA5-9ADA-181333B94A8B}.Release|Any CPU.ActiveCfg = Release|Any CPU
		{2B30D41D-A7F8-4FA5-9ADA-181333B94A8B}.Release|Any CPU.Build.0 = Release|Any CPU
	EndGlobalSection
EndGlobal
